
Microsoft Visual Studio Solution File, Format Version 12.00
# Visual Studio Version 17
VisualStudioVersion = 17.12.35707.178 d17.12
MinimumVisualStudioVersion = 10.0.40219.1
Project("{FAE04EC0-301F-11D3-BF4B-00C04F79EFBC}") = "QuartzExample.API", "QuartzExample.API.csproj", "{EE0E0CAE-69B9-4F85-9666-79319A12B241}"
EndProject
Global
	GlobalSection(SolutionConfigurationPlatforms) = preSolution
		Debug|Any CPU = Debug|Any CPU
		Release|Any CPU = Release|Any CPU
	EndGlobalSection
	GlobalSection(ProjectConfigurationPlatforms) = postSolution
		{EE0E0CAE-69B9-4F85-9666-79319A12B241}.Debug|Any CPU.ActiveCfg = Debug|Any CPU
		{EE0E0CAE-69B9-4F85-9666-79319A12B241}.Debug|Any CPU.Build.0 = Debug|Any CPU
		{EE0E0CAE-69B9-4F85-9666-79319A12B241}.Release|Any CPU.ActiveCfg = Release|Any CPU
		{EE0E0CAE-69B9-4F85-9666-79319A12B241}.Release|Any CPU.Build.0 = Release|Any CPU
	EndGlobalSection
	GlobalSection(SolutionProperties) = preSolution
		HideSolutionNode = FALSE
	EndGlobalSection
EndGlobal
